
Microsoft Visual Studio Solution File, Format Version 12.00
# Visual Studio Version 17
VisualStudioVersion = 17.0.31903.59
MinimumVisualStudioVersion = 10.0.40219.1
Project("{FAE04EC0-301F-11D3-BF4B-00C04F79EFBC}") = "Master.API", "Master.API\Master.API.csproj", "{B51BDBA4-A339-4EBD-B93F-A494005E04FF}"
EndProject
Project("{FAE04EC0-301F-11D3-BF4B-00C04F79EFBC}") = "Client.Agent", "Client.Agent\Client.Agent.csproj", "{4DBCD9C6-C78D-462B-A687-3B3CE1DC64B0}"
EndProject
Global
	GlobalSection(SolutionConfigurationPlatforms) = preSolution
		Debug|Any CPU = Debug|Any CPU
		Release|Any CPU = Release|Any CPU
	EndGlobalSection
	GlobalSection(SolutionProperties) = preSolution
		HideSolutionNode = FALSE
	EndGlobalSection
	GlobalSection(ProjectConfigurationPlatforms) = postSolution
		{B51BDBA4-A339-4EBD-B93F-A494005E04FF}.Debug|Any CPU.ActiveCfg = Debug|Any CPU
		{B51BDBA4-A339-4EBD-B93F-A494005E04FF}.Debug|Any CPU.Build.0 = Debug|Any CPU
		{B51BDBA4-A339-4EBD-B93F-A494005E04FF}.Release|Any CPU.ActiveCfg = Release|Any CPU
		{B51BDBA4-A339-4EBD-B93F-A494005E04FF}.Release|Any CPU.Build.0 = Release|Any CPU
		{4DBCD9C6-C78D-462B-A687-3B3CE1DC64B0}.Debug|Any CPU.ActiveCfg = Debug|Any CPU
		{4DBCD9C6-C78D-462B-A687-3B3CE1DC64B0}.Debug|Any CPU.Build.0 = Debug|Any CPU
		{4DBCD9C6-C78D-462B-A687-3B3CE1DC64B0}.Release|Any CPU.ActiveCfg = Release|Any CPU
		{4DBCD9C6-C78D-462B-A687-3B3CE1DC64B0}.Release|Any CPU.Build.0 = Release|Any CPU
	EndGlobalSection
EndGlobal
